// !$*UTF8*$!
{
	archiveVersion = 1;
	classes = {
	};
	objectVersion = 45;
	objects = {

/* Begin PBXBuildFile section */
		1D3623260D0F684500981E51 /* PWStoreAppDelegate.m in Sources */ = {isa = PBXBuildFile; fileRef = 1D3623250D0F684500981E51 /* PWStoreAppDelegate.m */; };
		1D60589B0D05DD56006BFB54 /* main.m in Sources */ = {isa = PBXBuildFile; fileRef = 29B97316FDCFA39411CA2CEA /* main.m */; };
		1D60589F0D05DD5A006BFB54 /* Foundation.framework in Frameworks */ = {isa = PBXBuildFile; fileRef = 1D30AB110D05D00D00671497 /* Foundation.framework */; };
		1DF5F4E00D08C38300B7A737 /* UIKit.framework in Frameworks */ = {isa = PBXBuildFile; fileRef = 1DF5F4DF0D08C38300B7A737 /* UIKit.framework */; };
		2892E4100DC94CBA00A64D0F /* CoreGraphics.framework in Frameworks */ = {isa = PBXBuildFile; fileRef = 2892E40F0DC94CBA00A64D0F /* CoreGraphics.framework */; };
		28C286E10D94DF7D0034E888 /* RootViewController.m in Sources */ = {isa = PBXBuildFile; fileRef = 28C286E00D94DF7D0034E888 /* RootViewController.m */; };
		E359581F157A4864005FDA20 /* TVSwitchCell.m in Sources */ = {isa = PBXBuildFile; fileRef = E359581E157A4864005FDA20 /* TVSwitchCell.m */; };
		E3595A9B157A6BAF005FDA20 /* EventTargets.m in Sources */ = {isa = PBXBuildFile; fileRef = E3595A9A157A6BAF005FDA20 /* EventTargets.m */; };
		E3595B5A157A7510005FDA20 /* NSMutableArray+Utility.m in Sources */ = {isa = PBXBuildFile; fileRef = E3595B59157A7510005FDA20 /* NSMutableArray+Utility.m */; };
		E384DD6B157582C400A90DDA /* NSCoder+withDefaults.m in Sources */ = {isa = PBXBuildFile; fileRef = E384DD6A157582C400A90DDA /* NSCoder+withDefaults.m */; };
		E384DEE61575990400A90DDA /* icon_lock.png in Resources */ = {isa = PBXBuildFile; fileRef = E384DEE21575990400A90DDA /* icon_lock.png */; };
		E384DEE71575990400A90DDA /* icon_refresh.png in Resources */ = {isa = PBXBuildFile; fileRef = E384DEE31575990400A90DDA /* icon_refresh.png */; };
		E384DEE81575990400A90DDA /* icon_safe.png in Resources */ = {isa = PBXBuildFile; fileRef = E384DEE41575990400A90DDA /* icon_safe.png */; };
		E384DEE91575990400A90DDA /* icon_settings.png in Resources */ = {isa = PBXBuildFile; fileRef = E384DEE51575990400A90DDA /* icon_settings.png */; };
		E384DF0815759B7200A90DDA /* SettingsViewController.m in Sources */ = {isa = PBXBuildFile; fileRef = E384DF0715759B7200A90DDA /* SettingsViewController.m */; };
		E384DF2815759C3500A90DDA /* SyncViewController.m in Sources */ = {isa = PBXBuildFile; fileRef = E384DF2715759C3500A90DDA /* SyncViewController.m */; };
		E384E01A1575A94B00A90DDA /* UIApplication+Utility.m in Sources */ = {isa = PBXBuildFile; fileRef = E384E0191575A94B00A90DDA /* UIApplication+Utility.m */; };
		E384E0671575B15900A90DDA /* NSString+Utility.m in Sources */ = {isa = PBXBuildFile; fileRef = E384E0661575B15900A90DDA /* NSString+Utility.m */; };
		E384E10D1576B27100A90DDA /* UIViewController+TabBarItem.m in Sources */ = {isa = PBXBuildFile; fileRef = E384E10C1576B27100A90DDA /* UIViewController+TabBarItem.m */; };
		E384E1A01577FA9300A90DDA /* PWData.m in Sources */ = {isa = PBXBuildFile; fileRef = E384E19F1577FA9300A90DDA /* PWData.m */; };
		E384E2AF15780D0000A90DDA /* ItemDetailViewController.m in Sources */ = {isa = PBXBuildFile; fileRef = E384E2AE15780D0000A90DDA /* ItemDetailViewController.m */; };
		E384E3B21578184800A90DDA /* TVTextEditCell.m in Sources */ = {isa = PBXBuildFile; fileRef = E384E3B11578184800A90DDA /* TVTextEditCell.m */; };
		E384E7C615792BDE00A90DDA /* ItemEditViewController.m in Sources */ = {isa = PBXBuildFile; fileRef = E384E7C415792BDE00A90DDA /* ItemEditViewController.m */; };
		E384E7D015792C0100A90DDA /* ItemEditViewController.xib in Resources */ = {isa = PBXBuildFile; fileRef = E384E7CF15792C0100A90DDA /* ItemEditViewController.xib */; };
		E38E44FE1575518C00FB0AF6 /* NSData+AES.m in Sources */ = {isa = PBXBuildFile; fileRef = E38E44FD1575518C00FB0AF6 /* NSData+AES.m */; };
		E38E45341575592100FB0AF6 /* Security.framework in Frameworks */ = {isa = PBXBuildFile; fileRef = E38E45331575592100FB0AF6 /* Security.framework */; };
		E38E45C415755B8F00FB0AF6 /* PWItem.m in Sources */ = {isa = PBXBuildFile; fileRef = E38E45C315755B8F00FB0AF6 /* PWItem.m */; };
		E38E466E1575674600FB0AF6 /* MasterPasswordViewController.m in Sources */ = {isa = PBXBuildFile; fileRef = E38E466C1575674600FB0AF6 /* MasterPasswordViewController.m */; };
		E38E47481575725E00FB0AF6 /* MainWindow.xib in Resources */ = {isa = PBXBuildFile; fileRef = E38E47451575725E00FB0AF6 /* MainWindow.xib */; };
		E38E47491575725E00FB0AF6 /* MasterPasswordViewController.xib in Resources */ = {isa = PBXBuildFile; fileRef = E38E47461575725E00FB0AF6 /* MasterPasswordViewController.xib */; };
		E38E474A1575725E00FB0AF6 /* RootViewController.xib in Resources */ = {isa = PBXBuildFile; fileRef = E38E47471575725E00FB0AF6 /* RootViewController.xib */; };
/* End PBXBuildFile section */

/* Begin PBXFileReference section */
		1D30AB110D05D00D00671497 /* Foundation.framework */ = {isa = PBXFileReference; lastKnownFileType = wrapper.framework; name = Foundation.framework; path = System/Library/Frameworks/Foundation.framework; sourceTree = SDKROOT; };
		1D3623240D0F684500981E51 /* PWStoreAppDelegate.h */ = {isa = PBXFileReference; fileEncoding = 4; lastKnownFileType = sourcecode.c.h; path = PWStoreAppDelegate.h; sourceTree = "<group>"; };
		1D3623250D0F684500981E51 /* PWStoreAppDelegate.m */ = {isa = PBXFileReference; fileEncoding = 4; lastKnownFileType = sourcecode.c.objc; path = PWStoreAppDelegate.m; sourceTree = "<group>"; };
		1D6058910D05DD3D006BFB54 /* PWStore.app */ = {isa = PBXFileReference; explicitFileType = wrapper.application; includeInIndex = 0; path = PWStore.app; sourceTree = BUILT_PRODUCTS_DIR; };
		1DF5F4DF0D08C38300B7A737 /* UIKit.framework */ = {isa = PBXFileReference; lastKnownFileType = wrapper.framework; name = UIKit.framework; path = System/Library/Frameworks/UIKit.framework; sourceTree = SDKROOT; };
		2892E40F0DC94CBA00A64D0F /* CoreGraphics.framework */ = {isa = PBXFileReference; lastKnownFileType = wrapper.framework; name = CoreGraphics.framework; path = System/Library/Frameworks/CoreGraphics.framework; sourceTree = SDKROOT; };
		28A0AAE50D9B0CCF005BE974 /* PWStore_Prefix.pch */ = {isa = PBXFileReference; fileEncoding = 4; lastKnownFileType = sourcecode.c.h; path = PWStore_Prefix.pch; sourceTree = "<group>"; };
		28C286DF0D94DF7D0034E888 /* RootViewController.h */ = {isa = PBXFileReference; fileEncoding = 4; lastKnownFileType = sourcecode.c.h; path = RootViewController.h; sourceTree = "<group>"; };
		28C286E00D94DF7D0034E888 /* RootViewController.m */ = {isa = PBXFileReference; fileEncoding = 4; lastKnownFileType = sourcecode.c.objc; path = RootViewController.m; sourceTree = "<group>"; };
		29B97316FDCFA39411CA2CEA /* main.m */ = {isa = PBXFileReference; fileEncoding = 4; lastKnownFileType = sourcecode.c.objc; path = main.m; sourceTree = "<group>"; };
		8D1107310486CEB800E47090 /* PWStore-Info.plist */ = {isa = PBXFileReference; fileEncoding = 4; lastKnownFileType = text.plist.xml; path = "PWStore-Info.plist"; plistStructureDefinitionIdentifier = "com.apple.xcode.plist.structure-definition.iphone.info-plist"; sourceTree = "<group>"; };
		E359581D157A4864005FDA20 /* TVSwitchCell.h */ = {isa = PBXFileReference; fileEncoding = 4; lastKnownFileType = sourcecode.c.h; path = TVSwitchCell.h; sourceTree = "<group>"; };
		E359581E157A4864005FDA20 /* TVSwitchCell.m */ = {isa = PBXFileReference; fileEncoding = 4; lastKnownFileType = sourcecode.c.objc; path = TVSwitchCell.m; sourceTree = "<group>"; };
		E3595A99157A6BAF005FDA20 /* EventTargets.h */ = {isa = PBXFileReference; fileEncoding = 4; lastKnownFileType = sourcecode.c.h; path = EventTargets.h; sourceTree = "<group>"; };
		E3595A9A157A6BAF005FDA20 /* EventTargets.m */ = {isa = PBXFileReference; fileEncoding = 4; lastKnownFileType = sourcecode.c.objc; path = EventTargets.m; sourceTree = "<group>"; };
		E3595B58157A7510005FDA20 /* NSMutableArray+Utility.h */ = {isa = PBXFileReference; fileEncoding = 4; lastKnownFileType = sourcecode.c.h; path = "NSMutableArray+Utility.h"; sourceTree = "<group>"; };
		E3595B59157A7510005FDA20 /* NSMutableArray+Utility.m */ = {isa = PBXFileReference; fileEncoding = 4; lastKnownFileType = sourcecode.c.objc; path = "NSMutableArray+Utility.m"; sourceTree = "<group>"; };
		E384DD69157582C400A90DDA /* NSCoder+withDefaults.h */ = {isa = PBXFileReference; fileEncoding = 4; lastKnownFileType = sourcecode.c.h; path = "NSCoder+withDefaults.h"; sourceTree = "<group>"; };
		E384DD6A157582C400A90DDA /* NSCoder+withDefaults.m */ = {isa = PBXFileReference; fileEncoding = 4; lastKnownFileType = sourcecode.c.objc; path = "NSCoder+withDefaults.m"; sourceTree = "<group>"; };
		E384DEE21575990400A90DDA /* icon_lock.png */ = {isa = PBXFileReference; lastKnownFileType = image.png; name = icon_lock.png; path = Resources/icon_lock.png; sourceTree = "<group>"; };
		E384DEE31575990400A90DDA /* icon_refresh.png */ = {isa = PBXFileReference; lastKnownFileType = image.png; name = icon_refresh.png; path = Resources/icon_refresh.png; sourceTree = "<group>"; };
		E384DEE41575990400A90DDA /* icon_safe.png */ = {isa = PBXFileReference; lastKnownFileType = image.png; name = icon_safe.png; path = Resources/icon_safe.png; sourceTree = "<group>"; };
		E384DEE51575990400A90DDA /* icon_settings.png */ = {isa = PBXFileReference; lastKnownFileType = image.png; name = icon_settings.png; path = Resources/icon_settings.png; sourceTree = "<group>"; };
		E384DF0615759B7200A90DDA /* SettingsViewController.h */ = {isa = PBXFileReference; fileEncoding = 4; lastKnownFileType = sourcecode.c.h; path = SettingsViewController.h; sourceTree = "<group>"; };
		E384DF0715759B7200A90DDA /* SettingsViewController.m */ = {isa = PBXFileReference; fileEncoding = 4; lastKnownFileType = sourcecode.c.objc; path = SettingsViewController.m; sourceTree = "<group>"; };
		E384DF2615759C3500A90DDA /* SyncViewController.h */ = {isa = PBXFileReference; fileEncoding = 4; lastKnownFileType = sourcecode.c.h; path = SyncViewController.h; sourceTree = "<group>"; };
		E384DF2715759C3500A90DDA /* SyncViewController.m */ = {isa = PBXFileReference; fileEncoding = 4; lastKnownFileType = sourcecode.c.objc; path = SyncViewController.m; sourceTree = "<group>"; };
		E384E0181575A94B00A90DDA /* UIApplication+Utility.h */ = {isa = PBXFileReference; fileEncoding = 4; lastKnownFileType = sourcecode.c.h; path = "UIApplication+Utility.h"; sourceTree = "<group>"; };
		E384E0191575A94B00A90DDA /* UIApplication+Utility.m */ = {isa = PBXFileReference; fileEncoding = 4; lastKnownFileType = sourcecode.c.objc; path = "UIApplication+Utility.m"; sourceTree = "<group>"; };
		E384E0651575B15900A90DDA /* NSString+Utility.h */ = {isa = PBXFileReference; fileEncoding = 4; lastKnownFileType = sourcecode.c.h; path = "NSString+Utility.h"; sourceTree = "<group>"; };
		E384E0661575B15900A90DDA /* NSString+Utility.m */ = {isa = PBXFileReference; fileEncoding = 4; lastKnownFileType = sourcecode.c.objc; path = "NSString+Utility.m"; sourceTree = "<group>"; };
		E384E10B1576B27100A90DDA /* UIViewController+TabBarItem.h */ = {isa = PBXFileReference; fileEncoding = 4; lastKnownFileType = sourcecode.c.h; path = "UIViewController+TabBarItem.h"; sourceTree = "<group>"; };
		E384E10C1576B27100A90DDA /* UIViewController+TabBarItem.m */ = {isa = PBXFileReference; fileEncoding = 4; lastKnownFileType = sourcecode.c.objc; path = "UIViewController+TabBarItem.m"; sourceTree = "<group>"; };
		E384E19E1577FA9300A90DDA /* PWData.h */ = {isa = PBXFileReference; fileEncoding = 4; lastKnownFileType = sourcecode.c.h; path = PWData.h; sourceTree = "<group>"; };
		E384E19F1577FA9300A90DDA /* PWData.m */ = {isa = PBXFileReference; fileEncoding = 4; lastKnownFileType = sourcecode.c.objc; path = PWData.m; sourceTree = "<group>"; };
		E384E2AD15780D0000A90DDA /* ItemDetailViewController.h */ = {isa = PBXFileReference; fileEncoding = 4; lastKnownFileType = sourcecode.c.h; path = ItemDetailViewController.h; sourceTree = "<group>"; };
		E384E2AE15780D0000A90DDA /* ItemDetailViewController.m */ = {isa = PBXFileReference; fileEncoding = 4; lastKnownFileType = sourcecode.c.objc; path = ItemDetailViewController.m; sourceTree = "<group>"; };
		E384E3B01578184800A90DDA /* TVTextEditCell.h */ = {isa = PBXFileReference; fileEncoding = 4; lastKnownFileType = sourcecode.c.h; path = TVTextEditCell.h; sourceTree = "<group>"; };
		E384E3B11578184800A90DDA /* TVTextEditCell.m */ = {isa = PBXFileReference; fileEncoding = 4; lastKnownFileType = sourcecode.c.objc; path = TVTextEditCell.m; sourceTree = "<group>"; };
		E384E7C315792BDE00A90DDA /* ItemEditViewController.h */ = {isa = PBXFileReference; fileEncoding = 4; lastKnownFileType = sourcecode.c.h; path = ItemEditViewController.h; sourceTree = "<group>"; };
		E384E7C415792BDE00A90DDA /* ItemEditViewController.m */ = {isa = PBXFileReference; fileEncoding = 4; lastKnownFileType = sourcecode.c.objc; path = ItemEditViewController.m; sourceTree = "<group>"; };
		E384E7CF15792C0100A90DDA /* ItemEditViewController.xib */ = {isa = PBXFileReference; lastKnownFileType = file.xib; name = ItemEditViewController.xib; path = Resources/ItemEditViewController.xib; sourceTree = "<group>"; };
		E38E44FC1575518C00FB0AF6 /* NSData+AES.h */ = {isa = PBXFileReference; fileEncoding = 4; lastKnownFileType = sourcecode.c.h; path = "NSData+AES.h"; sourceTree = "<group>"; };
		E38E44FD1575518C00FB0AF6 /* NSData+AES.m */ = {isa = PBXFileReference; fileEncoding = 4; lastKnownFileType = sourcecode.c.objc; path = "NSData+AES.m"; sourceTree = "<group>"; };
		E38E45331575592100FB0AF6 /* Security.framework */ = {isa = PBXFileReference; lastKnownFileType = wrapper.framework; name = Security.framework; path = System/Library/Frameworks/Security.framework; sourceTree = SDKROOT; };
		E38E45C215755B8F00FB0AF6 /* PWItem.h */ = {isa = PBXFileReference; fileEncoding = 4; lastKnownFileType = sourcecode.c.h; path = PWItem.h; sourceTree = "<group>"; };
		E38E45C315755B8F00FB0AF6 /* PWItem.m */ = {isa = PBXFileReference; fileEncoding = 4; lastKnownFileType = sourcecode.c.objc; path = PWItem.m; sourceTree = "<group>"; };
		E38E466B1575674600FB0AF6 /* MasterPasswordViewController.h */ = {isa = PBXFileReference; fileEncoding = 4; lastKnownFileType = sourcecode.c.h; path = MasterPasswordViewController.h; sourceTree = "<group>"; };
		E38E466C1575674600FB0AF6 /* MasterPasswordViewController.m */ = {isa = PBXFileReference; fileEncoding = 4; lastKnownFileType = sourcecode.c.objc; path = MasterPasswordViewController.m; sourceTree = "<group>"; };
		E38E47451575725E00FB0AF6 /* MainWindow.xib */ = {isa = PBXFileReference; lastKnownFileType = file.xib; name = MainWindow.xib; path = Resources/MainWindow.xib; sourceTree = "<group>"; };
		E38E47461575725E00FB0AF6 /* MasterPasswordViewController.xib */ = {isa = PBXFileReference; lastKnownFileType = file.xib; name = MasterPasswordViewController.xib; path = Resources/MasterPasswordViewController.xib; sourceTree = "<group>"; };
		E38E47471575725E00FB0AF6 /* RootViewController.xib */ = {isa = PBXFileReference; lastKnownFileType = file.xib; name = RootViewController.xib; path = Resources/RootViewController.xib; sourceTree = "<group>"; };
/* End PBXFileReference section */

/* Begin PBXFrameworksBuildPhase section */
		1D60588F0D05DD3D006BFB54 /* Frameworks */ = {
			isa = PBXFrameworksBuildPhase;
			buildActionMask = 2147483647;
			files = (
				1D60589F0D05DD5A006BFB54 /* Foundation.framework in Frameworks */,
				1DF5F4E00D08C38300B7A737 /* UIKit.framework in Frameworks */,
				2892E4100DC94CBA00A64D0F /* CoreGraphics.framework in Frameworks */,
				E38E45341575592100FB0AF6 /* Security.framework in Frameworks */,
			);
			runOnlyForDeploymentPostprocessing = 0;
		};
/* End PBXFrameworksBuildPhase section */

/* Begin PBXGroup section */
		080E96DDFE201D6D7F000001 /* Classes */ = {
			isa = PBXGroup;
			children = (
				E35958EF157A582D005FDA20 /* User Interface */,
				E35958EE157A581D005FDA20 /* App Delegate */,
				E35958ED157A5807005FDA20 /* Categories */,
				E35958EC157A57F6005FDA20 /* Data Model */,
				E35958EB157A57E7005FDA20 /* Table View Cells */,
			);
			path = Classes;
			sourceTree = "<group>";
		};
		19C28FACFE9D520D11CA2CBB /* Products */ = {
			isa = PBXGroup;
			children = (
				1D6058910D05DD3D006BFB54 /* PWStore.app */,
			);
			name = Products;
			sourceTree = "<group>";
		};
		29B97314FDCFA39411CA2CEA /* CustomTemplate */ = {
			isa = PBXGroup;
			children = (
				080E96DDFE201D6D7F000001 /* Classes */,
				29B97315FDCFA39411CA2CEA /* Other Sources */,
				29B97317FDCFA39411CA2CEA /* Resources */,
				29B97323FDCFA39411CA2CEA /* Frameworks */,
				19C28FACFE9D520D11CA2CBB /* Products */,
			);
			name = CustomTemplate;
			sourceTree = "<group>";
		};
		29B97315FDCFA39411CA2CEA /* Other Sources */ = {
			isa = PBXGroup;
			children = (
				28A0AAE50D9B0CCF005BE974 /* PWStore_Prefix.pch */,
				29B97316FDCFA39411CA2CEA /* main.m */,
			);
			name = "Other Sources";
			sourceTree = "<group>";
		};
		29B97317FDCFA39411CA2CEA /* Resources */ = {
			isa = PBXGroup;
			children = (
				E35958F1157A5851005FDA20 /* User Interface */,
				E35958F0157A5842005FDA20 /* Images */,
				8D1107310486CEB800E47090 /* PWStore-Info.plist */,
			);
			name = Resources;
			sourceTree = "<group>";
		};
		29B97323FDCFA39411CA2CEA /* Frameworks */ = {
			isa = PBXGroup;
			children = (
				1DF5F4DF0D08C38300B7A737 /* UIKit.framework */,
				1D30AB110D05D00D00671497 /* Foundation.framework */,
				2892E40F0DC94CBA00A64D0F /* CoreGraphics.framework */,
				E38E45331575592100FB0AF6 /* Security.framework */,
			);
			name = Frameworks;
			sourceTree = "<group>";
		};
		E35958EB157A57E7005FDA20 /* Table View Cells */ = {
			isa = PBXGroup;
			children = (
				E384E3B01578184800A90DDA /* TVTextEditCell.h */,
				E384E3B11578184800A90DDA /* TVTextEditCell.m */,
				E359581D157A4864005FDA20 /* TVSwitchCell.h */,
				E359581E157A4864005FDA20 /* TVSwitchCell.m */,
				E3595A99157A6BAF005FDA20 /* EventTargets.h */,
				E3595A9A157A6BAF005FDA20 /* EventTargets.m */,
			);
			name = "Table View Cells";
			sourceTree = "<group>";
		};
		E35958EC157A57F6005FDA20 /* Data Model */ = {
			isa = PBXGroup;
			children = (
				E38E45C215755B8F00FB0AF6 /* PWItem.h */,
				E38E45C315755B8F00FB0AF6 /* PWItem.m */,
				E384E19E1577FA9300A90DDA /* PWData.h */,
				E384E19F1577FA9300A90DDA /* PWData.m */,
			);
			name = "Data Model";
			sourceTree = "<group>";
		};
		E35958ED157A5807005FDA20 /* Categories */ = {
			isa = PBXGroup;
			children = (
				E38E44FC1575518C00FB0AF6 /* NSData+AES.h */,
				E38E44FD1575518C00FB0AF6 /* NSData+AES.m */,
				E384DD69157582C400A90DDA /* NSCoder+withDefaults.h */,
				E384DD6A157582C400A90DDA /* NSCoder+withDefaults.m */,
				E384E0181575A94B00A90DDA /* UIApplication+Utility.h */,
				E384E0191575A94B00A90DDA /* UIApplication+Utility.m */,
				E384E0651575B15900A90DDA /* NSString+Utility.h */,
				E384E0661575B15900A90DDA /* NSString+Utility.m */,
				E384E10B1576B27100A90DDA /* UIViewController+TabBarItem.h */,
				E384E10C1576B27100A90DDA /* UIViewController+TabBarItem.m */,
				E3595B58157A7510005FDA20 /* NSMutableArray+Utility.h */,
				E3595B59157A7510005FDA20 /* NSMutableArray+Utility.m */,
			);
			name = Categories;
			sourceTree = "<group>";
		};
		E35958EE157A581D005FDA20 /* App Delegate */ = {
			isa = PBXGroup;
			children = (
				1D3623240D0F684500981E51 /* PWStoreAppDelegate.h */,
				1D3623250D0F684500981E51 /* PWStoreAppDelegate.m */,
			);
			name = "App Delegate";
			sourceTree = "<group>";
		};
		E35958EF157A582D005FDA20 /* User Interface */ = {
			isa = PBXGroup;
			children = (
				E38E466B1575674600FB0AF6 /* MasterPasswordViewController.h */,
				E38E466C1575674600FB0AF6 /* MasterPasswordViewController.m */,
				28C286DF0D94DF7D0034E888 /* RootViewController.h */,
				28C286E00D94DF7D0034E888 /* RootViewController.m */,
				E384DF2615759C3500A90DDA /* SyncViewController.h */,
				E384DF2715759C3500A90DDA /* SyncViewController.m */,
				E384DF0615759B7200A90DDA /* SettingsViewController.h */,
				E384DF0715759B7200A90DDA /* SettingsViewController.m */,
				E384E2AD15780D0000A90DDA /* ItemDetailViewController.h */,
				E384E2AE15780D0000A90DDA /* ItemDetailViewController.m */,
				E384E7C315792BDE00A90DDA /* ItemEditViewController.h */,
				E384E7C415792BDE00A90DDA /* ItemEditViewController.m */,
			);
			name = "User Interface";
			sourceTree = "<group>";
		};
		E35958F0157A5842005FDA20 /* Images */ = {
			isa = PBXGroup;
			children = (
				E384DEE21575990400A90DDA /* icon_lock.png */,
				E384DEE31575990400A90DDA /* icon_refresh.png */,
				E384DEE41575990400A90DDA /* icon_safe.png */,
				E384DEE51575990400A90DDA /* icon_settings.png */,
			);
			name = Images;
			sourceTree = "<group>";
		};
		E35958F1157A5851005FDA20 /* User Interface */ = {
			isa = PBXGroup;
			children = (
				E38E47451575725E00FB0AF6 /* MainWindow.xib */,
				E38E47471575725E00FB0AF6 /* RootViewController.xib */,
				E38E47461575725E00FB0AF6 /* MasterPasswordViewController.xib */,
				E384E7CF15792C0100A90DDA /* ItemEditViewController.xib */,
			);
			name = "User Interface";
			sourceTree = "<group>";
		};
/* End PBXGroup section */

/* Begin PBXNativeTarget section */
		1D6058900D05DD3D006BFB54 /* PWStore */ = {
			isa = PBXNativeTarget;
			buildConfigurationList = 1D6058960D05DD3E006BFB54 /* Build configuration list for PBXNativeTarget "PWStore" */;
			buildPhases = (
				1D60588D0D05DD3D006BFB54 /* Resources */,
				1D60588E0D05DD3D006BFB54 /* Sources */,
				1D60588F0D05DD3D006BFB54 /* Frameworks */,
			);
			buildRules = (
			);
			dependencies = (
			);
			name = PWStore;
			productName = PWStore;
			productReference = 1D6058910D05DD3D006BFB54 /* PWStore.app */;
			productType = "com.apple.product-type.application";
		};
/* End PBXNativeTarget section */

/* Begin PBXProject section */
		29B97313FDCFA39411CA2CEA /* Project object */ = {
			isa = PBXProject;
			buildConfigurationList = C01FCF4E08A954540054247B /* Build configuration list for PBXProject "PWStore" */;
			compatibilityVersion = "Xcode 3.1";
			developmentRegion = English;
			hasScannedForEncodings = 1;
			knownRegions = (
				English,
				Japanese,
				French,
				German,
				en,
			);
			mainGroup = 29B97314FDCFA39411CA2CEA /* CustomTemplate */;
			projectDirPath = "";
			projectRoot = "";
			targets = (
				1D6058900D05DD3D006BFB54 /* PWStore */,
			);
		};
/* End PBXProject section */

/* Begin PBXResourcesBuildPhase section */
		1D60588D0D05DD3D006BFB54 /* Resources */ = {
			isa = PBXResourcesBuildPhase;
			buildActionMask = 2147483647;
			files = (
				E38E47481575725E00FB0AF6 /* MainWindow.xib in Resources */,
				E38E47491575725E00FB0AF6 /* MasterPasswordViewController.xib in Resources */,
				E38E474A1575725E00FB0AF6 /* RootViewController.xib in Resources */,
				E384DEE61575990400A90DDA /* icon_lock.png in Resources */,
				E384DEE71575990400A90DDA /* icon_refresh.png in Resources */,
				E384DEE81575990400A90DDA /* icon_safe.png in Resources */,
				E384DEE91575990400A90DDA /* icon_settings.png in Resources */,
				E384E7D015792C0100A90DDA /* ItemEditViewController.xib in Resources */,
			);
			runOnlyForDeploymentPostprocessing = 0;
		};
/* End PBXResourcesBuildPhase section */

/* Begin PBXSourcesBuildPhase section */
		1D60588E0D05DD3D006BFB54 /* Sources */ = {
			isa = PBXSourcesBuildPhase;
			buildActionMask = 2147483647;
			files = (
				1D60589B0D05DD56006BFB54 /* main.m in Sources */,
				1D3623260D0F684500981E51 /* PWStoreAppDelegate.m in Sources */,
				28C286E10D94DF7D0034E888 /* RootViewController.m in Sources */,
				E38E44FE1575518C00FB0AF6 /* NSData+AES.m in Sources */,
				E38E45C415755B8F00FB0AF6 /* PWItem.m in Sources */,
				E38E466E1575674600FB0AF6 /* MasterPasswordViewController.m in Sources */,
				E384DD6B157582C400A90DDA /* NSCoder+withDefaults.m in Sources */,
				E384DF0815759B7200A90DDA /* SettingsViewController.m in Sources */,
				E384DF2815759C3500A90DDA /* SyncViewController.m in Sources */,
				E384E01A1575A94B00A90DDA /* UIApplication+Utility.m in Sources */,
				E384E0671575B15900A90DDA /* NSString+Utility.m in Sources */,
				E384E10D1576B27100A90DDA /* UIViewController+TabBarItem.m in Sources */,
				E384E1A01577FA9300A90DDA /* PWData.m in Sources */,
				E384E2AF15780D0000A90DDA /* ItemDetailViewController.m in Sources */,
				E384E3B21578184800A90DDA /* TVTextEditCell.m in Sources */,
				E384E7C615792BDE00A90DDA /* ItemEditViewController.m in Sources */,
				E359581F157A4864005FDA20 /* TVSwitchCell.m in Sources */,
				E3595A9B157A6BAF005FDA20 /* EventTargets.m in Sources */,
				E3595B5A157A7510005FDA20 /* NSMutableArray+Utility.m in Sources */,
			);
			runOnlyForDeploymentPostprocessing = 0;
		};
/* End PBXSourcesBuildPhase section */

/* Begin XCBuildConfiguration section */
		1D6058940D05DD3E006BFB54 /* Debug */ = {
			isa = XCBuildConfiguration;
			buildSettings = {
				ALWAYS_SEARCH_USER_PATHS = NO;
				COPY_PHASE_STRIP = NO;
				GCC_DYNAMIC_NO_PIC = NO;
				GCC_OPTIMIZATION_LEVEL = 0;
				GCC_PRECOMPILE_PREFIX_HEADER = YES;
				GCC_PREFIX_HEADER = PWStore_Prefix.pch;
				INFOPLIST_FILE = "PWStore-Info.plist";
				PRODUCT_NAME = PWStore;
			};
			name = Debug;
		};
		1D6058950D05DD3E006BFB54 /* Release */ = {
			isa = XCBuildConfiguration;
			buildSettings = {
				ALWAYS_SEARCH_USER_PATHS = NO;
				COPY_PHASE_STRIP = YES;
				GCC_PRECOMPILE_PREFIX_HEADER = YES;
				GCC_PREFIX_HEADER = PWStore_Prefix.pch;
				INFOPLIST_FILE = "PWStore-Info.plist";
				PRODUCT_NAME = PWStore;
				VALIDATE_PRODUCT = YES;
			};
			name = Release;
		};
		C01FCF4F08A954540054247B /* Debug */ = {
			isa = XCBuildConfiguration;
			buildSettings = {
				ARCHS = "$(ARCHS_STANDARD_32_BIT)";
				"CODE_SIGN_IDENTITY[sdk=iphoneos*]" = "iPhone Developer";
				GCC_C_LANGUAGE_STANDARD = c99;
				GCC_WARN_ABOUT_RETURN_TYPE = YES;
				GCC_WARN_UNUSED_VARIABLE = YES;
				PREBINDING = NO;
				SDKROOT = iphoneos;
			};
			name = Debug;
		};
		C01FCF5008A954540054247B /* Release */ = {
			isa = XCBuildConfiguration;
			buildSettings = {
				ARCHS = "$(ARCHS_STANDARD_32_BIT)";
				"CODE_SIGN_IDENTITY[sdk=iphoneos*]" = "iPhone Developer";
				GCC_C_LANGUAGE_STANDARD = c99;
				GCC_WARN_ABOUT_RETURN_TYPE = YES;
				GCC_WARN_UNUSED_VARIABLE = YES;
				OTHER_CFLAGS = "-DNS_BLOCK_ASSERTIONS=1";
				PREBINDING = NO;
				SDKROOT = iphoneos;
			};
			name = Release;
		};
/* End XCBuildConfiguration section */

/* Begin XCConfigurationList section */
		1D6058960D05DD3E006BFB54 /* Build configuration list for PBXNativeTarget "PWStore" */ = {
			isa = XCConfigurationList;
			buildConfigurations = (
				1D6058940D05DD3E006BFB54 /* Debug */,
				1D6058950D05DD3E006BFB54 /* Release */,
			);
			defaultConfigurationIsVisible = 0;
			defaultConfigurationName = Release;
		};
		C01FCF4E08A954540054247B /* Build configuration list for PBXProject "PWStore" */ = {
			isa = XCConfigurationList;
			buildConfigurations = (
				C01FCF4F08A954540054247B /* Debug */,
				C01FCF5008A954540054247B /* Release */,
			);
			defaultConfigurationIsVisible = 0;
			defaultConfigurationName = Release;
		};
/* End XCConfigurationList section */
	};
	rootObject = 29B97313FDCFA39411CA2CEA /* Project object */;
}
